
Microsoft Visual Studio Solution File, Format Version 12.00
# Visual Studio 15
VisualStudioVersion = 15.0.28307.1000
MinimumVisualStudioVersion = 10.0.40219.1
Project("{FAE04EC0-301F-11D3-BF4B-00C04F79EFBC}") = "MyOT", "MyOT\MyOT.csproj", "{6DF900BB-D77F-4BC7-A89D-8D2B398A5C13}"
EndProject
Global
	GlobalSection(SolutionConfigurationPlatforms) = preSolution
		Debug|Any CPU = Debug|Any CPU
		Release|Any CPU = Release|Any CPU
	EndGlobalSection
	GlobalSection(ProjectConfigurationPlatforms) = postSolution
		{6DF900BB-D77F-4BC7-A89D-8D2B398A5C13}.Debug|Any CPU.ActiveCfg = Debug|Any CPU
		{6DF900BB-D77F-4BC7-A89D-8D2B398A5C13}.Debug|Any CPU.Build.0 = Debug|Any CPU
		{6DF900BB-D77F-4BC7-A89D-8D2B398A5C13}.Release|Any CPU.ActiveCfg = Release|Any CPU
		{6DF900BB-D77F-4BC7-A89D-8D2B398A5C13}.Release|Any CPU.Build.0 = Release|Any CPU
	EndGlobalSection
	GlobalSection(SolutionProperties) = preSolution
		HideSolutionNode = FALSE
	EndGlobalSection
	GlobalSection(ExtensibilityGlobals) = postSolution
		SolutionGuid = {8A986DE7-2E02-47E3-8EB2-B13BA3727FFA}
	EndGlobalSection
EndGlobal
